
Microsoft Visual Studio Solution File, Format Version 12.00
# Visual Studio Version 17
VisualStudioVersion = 17.14.37111.16 d17.14
MinimumVisualStudioVersion = 10.0.40219.1
Project("{FAE04EC0-301F-11D3-BF4B-00C04F79EFBC}") = "PracticoN5ServicioApiRest", "PracticoN5ServicioApiRest\PracticoN5ServicioApiRest.csproj", "{D5003274-3FFF-4E5F-8F19-D6D860A48C94}"
EndProject
Global
	GlobalSection(SolutionConfigurationPlatforms) = preSolution
		Debug|Any CPU = Debug|Any CPU
		Release|Any CPU = Release|Any CPU
	EndGlobalSection
	GlobalSection(ProjectConfigurationPlatforms) = postSolution
		{D5003274-3FFF-4E5F-8F19-D6D860A48C94}.Debug|Any CPU.ActiveCfg = Debug|Any CPU
		{D5003274-3FFF-4E5F-8F19-D6D860A48C94}.Debug|Any CPU.Build.0 = Debug|Any CPU
		{D5003274-3FFF-4E5F-8F19-D6D860A48C94}.Release|Any CPU.ActiveCfg = Release|Any CPU
		{D5003274-3FFF-4E5F-8F19-D6D860A48C94}.Release|Any CPU.Build.0 = Release|Any CPU
	EndGlobalSection
	GlobalSection(SolutionProperties) = preSolution
		HideSolutionNode = FALSE
	EndGlobalSection
	GlobalSection(ExtensibilityGlobals) = postSolution
		SolutionGuid = {63FB27B9-2C38-488E-870B-484DF9D61708}
	EndGlobalSection
EndGlobal
